// !$*UTF8*$!
{
	archiveVersion = 1;
	classes = {
	};
	objectVersion = 48;
	objects = {

/* Begin PBXBuildFile section */
		1DA5D150202A249500137E1E /* SWRevealViewController.m in Sources */ = {isa = PBXBuildFile; fileRef = 1DA5D14F202A249500137E1E /* SWRevealViewController.m */; };
		1DA5D15A202BA75100137E1E /* ChatVC.swift in Sources */ = {isa = PBXBuildFile; fileRef = 1DA5D159202BA75100137E1E /* ChatVC.swift */; };
		1DA5D15C202BA76E00137E1E /* ChannelVC.swift in Sources */ = {isa = PBXBuildFile; fileRef = 1DA5D15B202BA76E00137E1E /* ChannelVC.swift */; };
		1DBA8B121FFDAFB8003F19F4 /* AppDelegate.swift in Sources */ = {isa = PBXBuildFile; fileRef = 1DBA8B111FFDAFB8003F19F4 /* AppDelegate.swift */; };
		1DBA8B171FFDAFB8003F19F4 /* Main.storyboard in Resources */ = {isa = PBXBuildFile; fileRef = 1DBA8B151FFDAFB8003F19F4 /* Main.storyboard */; };
		1DBA8B191FFDAFB8003F19F4 /* Assets.xcassets in Resources */ = {isa = PBXBuildFile; fileRef = 1DBA8B181FFDAFB8003F19F4 /* Assets.xcassets */; };
		1DBA8B1C1FFDAFB8003F19F4 /* LaunchScreen.storyboard in Resources */ = {isa = PBXBuildFile; fileRef = 1DBA8B1A1FFDAFB8003F19F4 /* LaunchScreen.storyboard */; };
		1DD73408202D05B700C2EFC6 /* GradientView.swift in Sources */ = {isa = PBXBuildFile; fileRef = 1DD73407202D05B700C2EFC6 /* GradientView.swift */; };
		507227325774918A4DF001A0 /* Pods_TalkToMe.framework in Frameworks */ = {isa = PBXBuildFile; fileRef = FDF0AEEFF933E78E64B6F0C0 /* Pods_TalkToMe.framework */; };
/* End PBXBuildFile section */

/* Begin PBXFileReference section */
		1DA5D14E202A249500137E1E /* SWRevealViewController.h */ = {isa = PBXFileReference; fileEncoding = 4; lastKnownFileType = sourcecode.c.h; path = SWRevealViewController.h; sourceTree = "<group>"; };
		1DA5D14F202A249500137E1E /* SWRevealViewController.m */ = {isa = PBXFileReference; fileEncoding = 4; lastKnownFileType = sourcecode.c.objc; path = SWRevealViewController.m; sourceTree = "<group>"; };
		1DA5D151202A24E900137E1E /* TalkToMe-Bridging-Header.h */ = {isa = PBXFileReference; lastKnownFileType = sourcecode.c.h; path = "TalkToMe-Bridging-Header.h"; sourceTree = "<group>"; };
		1DA5D159202BA75100137E1E /* ChatVC.swift */ = {isa = PBXFileReference; lastKnownFileType = sourcecode.swift; path = ChatVC.swift; sourceTree = "<group>"; };
		1DA5D15B202BA76E00137E1E /* ChannelVC.swift */ = {isa = PBXFileReference; lastKnownFileType = sourcecode.swift; path = ChannelVC.swift; sourceTree = "<group>"; };
		1DBA8B0E1FFDAFB8003F19F4 /* TalkToMe.app */ = {isa = PBXFileReference; explicitFileType = wrapper.application; includeInIndex = 0; path = TalkToMe.app; sourceTree = BUILT_PRODUCTS_DIR; };
		1DBA8B111FFDAFB8003F19F4 /* AppDelegate.swift */ = {isa = PBXFileReference; lastKnownFileType = sourcecode.swift; path = AppDelegate.swift; sourceTree = "<group>"; };
		1DBA8B161FFDAFB8003F19F4 /* Base */ = {isa = PBXFileReference; lastKnownFileType = file.storyboard; name = Base; path = Base.lproj/Main.storyboard; sourceTree = "<group>"; };
		1DBA8B181FFDAFB8003F19F4 /* Assets.xcassets */ = {isa = PBXFileReference; lastKnownFileType = folder.assetcatalog; path = Assets.xcassets; sourceTree = "<group>"; };
		1DBA8B1B1FFDAFB8003F19F4 /* Base */ = {isa = PBXFileReference; lastKnownFileType = file.storyboard; name = Base; path = Base.lproj/LaunchScreen.storyboard; sourceTree = "<group>"; };
		1DBA8B1D1FFDAFB8003F19F4 /* Info.plist */ = {isa = PBXFileReference; lastKnownFileType = text.plist.xml; path = Info.plist; sourceTree = "<group>"; };
		1DD73407202D05B700C2EFC6 /* GradientView.swift */ = {isa = PBXFileReference; lastKnownFileType = sourcecode.swift; path = GradientView.swift; sourceTree = "<group>"; };
		4C9715D8EFF34BE2BF2EA55E /* Pods-TalkToMe.release.xcconfig */ = {isa = PBXFileReference; includeInIndex = 1; lastKnownFileType = text.xcconfig; name = "Pods-TalkToMe.release.xcconfig"; path = "Pods/Target Support Files/Pods-TalkToMe/Pods-TalkToMe.release.xcconfig"; sourceTree = "<group>"; };
		FADEE7E607FCCD8CCB2C5F2A /* Pods-TalkToMe.debug.xcconfig */ = {isa = PBXFileReference; includeInIndex = 1; lastKnownFileType = text.xcconfig; name = "Pods-TalkToMe.debug.xcconfig"; path = "Pods/Target Support Files/Pods-TalkToMe/Pods-TalkToMe.debug.xcconfig"; sourceTree = "<group>"; };
		FDF0AEEFF933E78E64B6F0C0 /* Pods_TalkToMe.framework */ = {isa = PBXFileReference; explicitFileType = wrapper.framework; includeInIndex = 0; path = Pods_TalkToMe.framework; sourceTree = BUILT_PRODUCTS_DIR; };
/* End PBXFileReference section */

/* Begin PBXFrameworksBuildPhase section */
		1DBA8B0B1FFDAFB8003F19F4 /* Frameworks */ = {
			isa = PBXFrameworksBuildPhase;
			buildActionMask = 2147483647;
			files = (
				507227325774918A4DF001A0 /* Pods_TalkToMe.framework in Frameworks */,
			);
			runOnlyForDeploymentPostprocessing = 0;
		};
/* End PBXFrameworksBuildPhase section */

/* Begin PBXGroup section */
		1D3AE2D4202A1FC9002B0E47 /* Supporting Files  */ = {
			isa = PBXGroup;
			children = (
				1DA5D157202BA6D800137E1E /* View */,
				1DA5D151202A24E900137E1E /* TalkToMe-Bridging-Header.h */,
				1DA5D14E202A249500137E1E /* SWRevealViewController.h */,
				1DA5D14F202A249500137E1E /* SWRevealViewController.m */,
			);
			path = "Supporting Files ";
			sourceTree = "<group>";
		};
		1DA5D156202BA6CD00137E1E /* Controller */ = {
			isa = PBXGroup;
			children = (
				1DA5D159202BA75100137E1E /* ChatVC.swift */,
				1DA5D15B202BA76E00137E1E /* ChannelVC.swift */,
			);
			path = Controller;
			sourceTree = "<group>";
		};
		1DA5D157202BA6D800137E1E /* View */ = {
			isa = PBXGroup;
			children = (
			);
			path = View;
			sourceTree = "<group>";
		};
		1DA5D158202BA6E100137E1E /* Model */ = {
			isa = PBXGroup;
			children = (
			);
			path = Model;
			sourceTree = "<group>";
		};
		1DBA8B051FFDAFB8003F19F4 = {
			isa = PBXGroup;
			children = (
				1DD73406202D053500C2EFC6 /* View */,
				1DBA8B101FFDAFB8003F19F4 /* TalkToMe */,
				1DBA8B0F1FFDAFB8003F19F4 /* Products */,
				3EA66F1FBF5522CE49F7D51E /* Pods */,
				5FC85184FBE6B417800C22C3 /* Frameworks */,
			);
			sourceTree = "<group>";
		};
		1DBA8B0F1FFDAFB8003F19F4 /* Products */ = {
			isa = PBXGroup;
			children = (
				1DBA8B0E1FFDAFB8003F19F4 /* TalkToMe.app */,
			);
			name = Products;
			sourceTree = "<group>";
		};
		1DBA8B101FFDAFB8003F19F4 /* TalkToMe */ = {
			isa = PBXGroup;
			children = (
				1DA5D158202BA6E100137E1E /* Model */,
				1DA5D156202BA6CD00137E1E /* Controller */,
				1D3AE2D4202A1FC9002B0E47 /* Supporting Files  */,
				1DBA8B111FFDAFB8003F19F4 /* AppDelegate.swift */,
				1DBA8B151FFDAFB8003F19F4 /* Main.storyboard */,
				1DBA8B181FFDAFB8003F19F4 /* Assets.xcassets */,
				1DBA8B1A1FFDAFB8003F19F4 /* LaunchScreen.storyboard */,
				1DBA8B1D1FFDAFB8003F19F4 /* Info.plist */,
			);
			path = TalkToMe;
			sourceTree = "<group>";
		};
		1DD73406202D053500C2EFC6 /* View */ = {
			isa = PBXGroup;
			children = (
				1DD73407202D05B700C2EFC6 /* GradientView.swift */,
			);
			path = View;
			sourceTree = "<group>";
		};
		3EA66F1FBF5522CE49F7D51E /* Pods */ = {
			isa = PBXGroup;
			children = (
				FADEE7E607FCCD8CCB2C5F2A /* Pods-TalkToMe.debug.xcconfig */,
				4C9715D8EFF34BE2BF2EA55E /* Pods-TalkToMe.release.xcconfig */,
			);
			name = Pods;
			sourceTree = "<group>";
		};
		5FC85184FBE6B417800C22C3 /* Frameworks */ = {
			isa = PBXGroup;
			children = (
				FDF0AEEFF933E78E64B6F0C0 /* Pods_TalkToMe.framework */,
			);
			name = Frameworks;
			sourceTree = "<group>";
		};
/* End PBXGroup section */

/* Begin PBXNativeTarget section */
		1DBA8B0D1FFDAFB8003F19F4 /* TalkToMe */ = {
			isa = PBXNativeTarget;
			buildConfigurationList = 1DBA8B201FFDAFB8003F19F4 /* Build configuration list for PBXNativeTarget "TalkToMe" */;
			buildPhases = (
				AB3450634305CE40D3E1F4BB /* [CP] Check Pods Manifest.lock */,
				1DBA8B0A1FFDAFB8003F19F4 /* Sources */,
				1DBA8B0B1FFDAFB8003F19F4 /* Frameworks */,
				1DBA8B0C1FFDAFB8003F19F4 /* Resources */,
				4021D866FB0158B218094F02 /* [CP] Embed Pods Frameworks */,
				56EE175025DFA866D68EA4B8 /* [CP] Copy Pods Resources */,
			);
			buildRules = (
			);
			dependencies = (
			);
			name = TalkToMe;
			productName = TalkToMe;
			productReference = 1DBA8B0E1FFDAFB8003F19F4 /* TalkToMe.app */;
			productType = "com.apple.product-type.application";
		};
/* End PBXNativeTarget section */

/* Begin PBXProject section */
		1DBA8B061FFDAFB8003F19F4 /* Project object */ = {
			isa = PBXProject;
			attributes = {
				LastSwiftUpdateCheck = 0900;
				LastUpgradeCheck = 0900;
				ORGANIZATIONNAME = "Rick Williams";
				TargetAttributes = {
					1DBA8B0D1FFDAFB8003F19F4 = {
						CreatedOnToolsVersion = 9.0;
						LastSwiftMigration = 0920;
						ProvisioningStyle = Automatic;
					};
				};
			};
			buildConfigurationList = 1DBA8B091FFDAFB8003F19F4 /* Build configuration list for PBXProject "TalkToMe" */;
			compatibilityVersion = "Xcode 8.0";
			developmentRegion = en;
			hasScannedForEncodings = 0;
			knownRegions = (
				en,
				Base,
			);
			mainGroup = 1DBA8B051FFDAFB8003F19F4;
			productRefGroup = 1DBA8B0F1FFDAFB8003F19F4 /* Products */;
			projectDirPath = "";
			projectRoot = "";
			targets = (
				1DBA8B0D1FFDAFB8003F19F4 /* TalkToMe */,
			);
		};
/* End PBXProject section */

/* Begin PBXResourcesBuildPhase section */
		1DBA8B0C1FFDAFB8003F19F4 /* Resources */ = {
			isa = PBXResourcesBuildPhase;
			buildActionMask = 2147483647;
			files = (
				1DBA8B1C1FFDAFB8003F19F4 /* LaunchScreen.storyboard in Resources */,
				1DBA8B191FFDAFB8003F19F4 /* Assets.xcassets in Resources */,
				1DBA8B171FFDAFB8003F19F4 /* Main.storyboard in Resources */,
			);
			runOnlyForDeploymentPostprocessing = 0;
		};
/* End PBXResourcesBuildPhase section */

/* Begin PBXShellScriptBuildPhase section */
		4021D866FB0158B218094F02 /* [CP] Embed Pods Frameworks */ = {
			isa = PBXShellScriptBuildPhase;
			buildActionMask = 2147483647;
			files = (
			);
			inputPaths = (
			);
			name = "[CP] Embed Pods Frameworks";
			outputPaths = (
			);
			runOnlyForDeploymentPostprocessing = 0;
			shellPath = /bin/sh;
			shellScript = "\"${SRCROOT}/Pods/Target Support Files/Pods-TalkToMe/Pods-TalkToMe-frameworks.sh\"\n";
			showEnvVarsInLog = 0;
		};
		56EE175025DFA866D68EA4B8 /* [CP] Copy Pods Resources */ = {
			isa = PBXShellScriptBuildPhase;
			buildActionMask = 2147483647;
			files = (
			);
			inputPaths = (
			);
			name = "[CP] Copy Pods Resources";
			outputPaths = (
			);
			runOnlyForDeploymentPostprocessing = 0;
			shellPath = /bin/sh;
			shellScript = "\"${SRCROOT}/Pods/Target Support Files/Pods-TalkToMe/Pods-TalkToMe-resources.sh\"\n";
			showEnvVarsInLog = 0;
		};
		AB3450634305CE40D3E1F4BB /* [CP] Check Pods Manifest.lock */ = {
			isa = PBXShellScriptBuildPhase;
			buildActionMask = 2147483647;
			files = (
			);
			inputPaths = (
			);
			name = "[CP] Check Pods Manifest.lock";
			outputPaths = (
			);
			runOnlyForDeploymentPostprocessing = 0;
			shellPath = /bin/sh;
			shellScript = "diff \"${PODS_PODFILE_DIR_PATH}/Podfile.lock\" \"${PODS_ROOT}/Manifest.lock\" > /dev/null\nif [ $? != 0 ] ; then\n    # print error to STDERR\n    echo \"error: The sandbox is not in sync with the Podfile.lock. Run 'pod install' or update your CocoaPods installation.\" >&2\n    exit 1\nfi\n";
			showEnvVarsInLog = 0;
		};
/* End PBXShellScriptBuildPhase section */

/* Begin PBXSourcesBuildPhase section */
		1DBA8B0A1FFDAFB8003F19F4 /* Sources */ = {
			isa = PBXSourcesBuildPhase;
			buildActionMask = 2147483647;
			files = (
				1DA5D15C202BA76E00137E1E /* ChannelVC.swift in Sources */,
				1DA5D15A202BA75100137E1E /* ChatVC.swift in Sources */,
				1DD73408202D05B700C2EFC6 /* GradientView.swift in Sources */,
				1DBA8B121FFDAFB8003F19F4 /* AppDelegate.swift in Sources */,
				1DA5D150202A249500137E1E /* SWRevealViewController.m in Sources */,
			);
			runOnlyForDeploymentPostprocessing = 0;
		};
/* End PBXSourcesBuildPhase section */

/* Begin PBXVariantGroup section */
		1DBA8B151FFDAFB8003F19F4 /* Main.storyboard */ = {
			isa = PBXVariantGroup;
			children = (
				1DBA8B161FFDAFB8003F19F4 /* Base */,
			);
			name = Main.storyboard;
			sourceTree = "<group>";
		};
		1DBA8B1A1FFDAFB8003F19F4 /* LaunchScreen.storyboard */ = {
			isa = PBXVariantGroup;
			children = (
				1DBA8B1B1FFDAFB8003F19F4 /* Base */,
			);
			name = LaunchScreen.storyboard;
			sourceTree = "<group>";
		};
/* End PBXVariantGroup section */

/* Begin XCBuildConfiguration section */
		1DBA8B1E1FFDAFB8003F19F4 /* Debug */ = {
			isa = XCBuildConfiguration;
			buildSettings = {
				ALWAYS_SEARCH_USER_PATHS = NO;
				CLANG_ANALYZER_NONNULL = YES;
				CLANG_ANALYZER_NUMBER_OBJECT_CONVERSION = YES_AGGRESSIVE;
				CLANG_CXX_LANGUAGE_STANDARD = "gnu++14";
				CLANG_CXX_LIBRARY = "libc++";
				CLANG_ENABLE_MODULES = YES;
				CLANG_ENABLE_OBJC_ARC = YES;
				CLANG_WARN_BLOCK_CAPTURE_AUTORELEASING = YES;
				CLANG_WARN_BOOL_CONVERSION = YES;
				CLANG_WARN_COMMA = YES;
				CLANG_WARN_CONSTANT_CONVERSION = YES;
				CLANG_WARN_DIRECT_OBJC_ISA_USAGE = YES_ERROR;
				CLANG_WARN_DOCUMENTATION_COMMENTS = YES;
				CLANG_WARN_EMPTY_BODY = YES;
				CLANG_WARN_ENUM_CONVERSION = YES;
				CLANG_WARN_INFINITE_RECURSION = YES;
				CLANG_WARN_INT_CONVERSION = YES;
				CLANG_WARN_NON_LITERAL_NULL_CONVERSION = YES;
				CLANG_WARN_OBJC_LITERAL_CONVERSION = YES;
				CLANG_WARN_OBJC_ROOT_CLASS = YES_ERROR;
				CLANG_WARN_RANGE_LOOP_ANALYSIS = YES;
				CLANG_WARN_STRICT_PROTOTYPES = YES;
				CLANG_WARN_SUSPICIOUS_MOVE = YES;
				CLANG_WARN_UNGUARDED_AVAILABILITY = YES_AGGRESSIVE;
				CLANG_WARN_UNREACHABLE_CODE = YES;
				CLANG_WARN__DUPLICATE_METHOD_MATCH = YES;
				CODE_SIGN_IDENTITY = "iPhone Developer";
				COPY_PHASE_STRIP = NO;
				DEBUG_INFORMATION_FORMAT = dwarf;
				ENABLE_STRICT_OBJC_MSGSEND = YES;
				ENABLE_TESTABILITY = YES;
				GCC_C_LANGUAGE_STANDARD = gnu11;
				GCC_DYNAMIC_NO_PIC = NO;
				GCC_NO_COMMON_BLOCKS = YES;
				GCC_OPTIMIZATION_LEVEL = 0;
				GCC_PREPROCESSOR_DEFINITIONS = (
					"DEBUG=1",
					"$(inherited)",
				);
				GCC_WARN_64_TO_32_BIT_CONVERSION = YES;
				GCC_WARN_ABOUT_RETURN_TYPE = YES_ERROR;
				GCC_WARN_UNDECLARED_SELECTOR = YES;
				GCC_WARN_UNINITIALIZED_AUTOS = YES_AGGRESSIVE;
				GCC_WARN_UNUSED_FUNCTION = YES;
				GCC_WARN_UNUSED_VARIABLE = YES;
				IPHONEOS_DEPLOYMENT_TARGET = 11.0;
				MTL_ENABLE_DEBUG_INFO = YES;
				ONLY_ACTIVE_ARCH = YES;
				SDKROOT = iphoneos;
				SWIFT_ACTIVE_COMPILATION_CONDITIONS = DEBUG;
				SWIFT_OPTIMIZATION_LEVEL = "-Onone";
			};
			name = Debug;
		};
		1DBA8B1F1FFDAFB8003F19F4 /* Release */ = {
			isa = XCBuildConfiguration;
			buildSettings = {
				ALWAYS_SEARCH_USER_PATHS = NO;
				CLANG_ANALYZER_NONNULL = YES;
				CLANG_ANALYZER_NUMBER_OBJECT_CONVERSION = YES_AGGRESSIVE;
				CLANG_CXX_LANGUAGE_STANDARD = "gnu++14";
				CLANG_CXX_LIBRARY = "libc++";
				CLANG_ENABLE_MODULES = YES;
				CLANG_ENABLE_OBJC_ARC = YES;
				CLANG_WARN_BLOCK_CAPTURE_AUTORELEASING = YES;
				CLANG_WARN_BOOL_CONVERSION = YES;
				CLANG_WARN_COMMA = YES;
				CLANG_WARN_CONSTANT_CONVERSION = YES;
				CLANG_WARN_DIRECT_OBJC_ISA_USAGE = YES_ERROR;
				CLANG_WARN_DOCUMENTATION_COMMENTS = YES;
				CLANG_WARN_EMPTY_BODY = YES;
				CLANG_WARN_ENUM_CONVERSION = YES;
				CLANG_WARN_INFINITE_RECURSION = YES;
				CLANG_WARN_INT_CONVERSION = YES;
				CLANG_WARN_NON_LITERAL_NULL_CONVERSION = YES;
				CLANG_WARN_OBJC_LITERAL_CONVERSION = YES;
				CLANG_WARN_OBJC_ROOT_CLASS = YES_ERROR;
				CLANG_WARN_RANGE_LOOP_ANALYSIS = YES;
				CLANG_WARN_STRICT_PROTOTYPES = YES;
				CLANG_WARN_SUSPICIOUS_MOVE = YES;
				CLANG_WARN_UNGUARDED_AVAILABILITY = YES_AGGRESSIVE;
				CLANG_WARN_UNREACHABLE_CODE = YES;
				CLANG_WARN__DUPLICATE_METHOD_MATCH = YES;
				CODE_SIGN_IDENTITY = "iPhone Developer";
				COPY_PHASE_STRIP = NO;
				DEBUG_INFORMATION_FORMAT = "dwarf-with-dsym";
				ENABLE_NS_ASSERTIONS = NO;
				ENABLE_STRICT_OBJC_MSGSEND = YES;
				GCC_C_LANGUAGE_STANDARD = gnu11;
				GCC_NO_COMMON_BLOCKS = YES;
				GCC_WARN_64_TO_32_BIT_CONVERSION = YES;
				GCC_WARN_ABOUT_RETURN_TYPE = YES_ERROR;
				GCC_WARN_UNDECLARED_SELECTOR = YES;
				GCC_WARN_UNINITIALIZED_AUTOS = YES_AGGRESSIVE;
				GCC_WARN_UNUSED_FUNCTION = YES;
				GCC_WARN_UNUSED_VARIABLE = YES;
				IPHONEOS_DEPLOYMENT_TARGET = 11.0;
				MTL_ENABLE_DEBUG_INFO = NO;
				SDKROOT = iphoneos;
				SWIFT_OPTIMIZATION_LEVEL = "-Owholemodule";
				VALIDATE_PRODUCT = YES;
			};
			name = Release;
		};
		1DBA8B211FFDAFB8003F19F4 /* Debug */ = {
			isa = XCBuildConfiguration;
			baseConfigurationReference = FADEE7E607FCCD8CCB2C5F2A /* Pods-TalkToMe.debug.xcconfig */;
			buildSettings = {
				ASSETCATALOG_COMPILER_APPICON_NAME = AppIcon;
				CLANG_ENABLE_MODULES = YES;
				CODE_SIGN_STYLE = Automatic;
				DEVELOPMENT_TEAM = GM49MH5V3Q;
				INFOPLIST_FILE = TalkToMe/Info.plist;
				LD_RUNPATH_SEARCH_PATHS = "$(inherited) @executable_path/Frameworks";
				PRODUCT_BUNDLE_IDENTIFIER = williams.rick.TalkToMe;
				PRODUCT_NAME = "$(TARGET_NAME)";
				SWIFT_OBJC_BRIDGING_HEADER = "TalkToMe/Supporting Files /TalkToMe-Bridging-Header.h";
				SWIFT_OPTIMIZATION_LEVEL = "-Onone";
				SWIFT_VERSION = 4.0;
				TARGETED_DEVICE_FAMILY = "1,2";
			};
			name = Debug;
		};
		1DBA8B221FFDAFB8003F19F4 /* Release */ = {
			isa = XCBuildConfiguration;
			baseConfigurationReference = 4C9715D8EFF34BE2BF2EA55E /* Pods-TalkToMe.release.xcconfig */;
			buildSettings = {
				ASSETCATALOG_COMPILER_APPICON_NAME = AppIcon;
				CLANG_ENABLE_MODULES = YES;
				CODE_SIGN_STYLE = Automatic;
				DEVELOPMENT_TEAM = GM49MH5V3Q;
				INFOPLIST_FILE = TalkToMe/Info.plist;
				LD_RUNPATH_SEARCH_PATHS = "$(inherited) @executable_path/Frameworks";
				PRODUCT_BUNDLE_IDENTIFIER = williams.rick.TalkToMe;
				PRODUCT_NAME = "$(TARGET_NAME)";
				SWIFT_OBJC_BRIDGING_HEADER = "TalkToMe/Supporting Files /TalkToMe-Bridging-Header.h";
				SWIFT_VERSION = 4.0;
				TARGETED_DEVICE_FAMILY = "1,2";
			};
			name = Release;
		};
/* End XCBuildConfiguration section */

/* Begin XCConfigurationList section */
		1DBA8B091FFDAFB8003F19F4 /* Build configuration list for PBXProject "TalkToMe" */ = {
			isa = XCConfigurationList;
			buildConfigurations = (
				1DBA8B1E1FFDAFB8003F19F4 /* Debug */,
				1DBA8B1F1FFDAFB8003F19F4 /* Release */,
			);
			defaultConfigurationIsVisible = 0;
			defaultConfigurationName = Release;
		};
		1DBA8B201FFDAFB8003F19F4 /* Build configuration list for PBXNativeTarget "TalkToMe" */ = {
			isa = XCConfigurationList;
			buildConfigurations = (
				1DBA8B211FFDAFB8003F19F4 /* Debug */,
				1DBA8B221FFDAFB8003F19F4 /* Release */,
			);
			defaultConfigurationIsVisible = 0;
			defaultConfigurationName = Release;
		};
/* End XCConfigurationList section */
	};
	rootObject = 1DBA8B061FFDAFB8003F19F4 /* Project object */;
}
